
Microsoft Visual Studio Solution File, Format Version 11.00
# Visual Studio 2010
Project("{8BC9CEB8-8B4A-11D0-8D11-00A0C91BC942}") = "License work2, textures using png pictures", "License work2, textures using png pictures\License work2, textures using png pictures.vcxproj", "{5F7F2778-8FD4-4FB9-8F1F-3798EA41DB2A}"
EndProject
Global
	GlobalSection(SolutionConfigurationPlatforms) = preSolution
		Debug|Win32 = Debug|Win32
		Release|Win32 = Release|Win32
	EndGlobalSection
	GlobalSection(ProjectConfigurationPlatforms) = postSolution
		{5F7F2778-8FD4-4FB9-8F1F-3798EA41DB2A}.Debug|Win32.ActiveCfg = Debug|Win32
		{5F7F2778-8FD4-4FB9-8F1F-3798EA41DB2A}.Debug|Win32.Build.0 = Debug|Win32
		{5F7F2778-8FD4-4FB9-8F1F-3798EA41DB2A}.Release|Win32.ActiveCfg = Release|Win32
		{5F7F2778-8FD4-4FB9-8F1F-3798EA41DB2A}.Release|Win32.Build.0 = Release|Win32
	EndGlobalSection
	GlobalSection(SolutionProperties) = preSolution
		HideSolutionNode = FALSE
	EndGlobalSection
EndGlobal
